// !$*UTF8*$!
{
	archiveVersion = 1;
	classes = {
	};
	objectVersion = 46;
	objects = {

/* Begin PBXBuildFile section */
		3B988B481949C24700FAC84D /* AppDelegate.swift in Sources */ = {isa = PBXBuildFile; fileRef = 3B988B471949C24700FAC84D /* AppDelegate.swift */; };
		3B988B4B1949C24700FAC84D /* FlightDIsplay.xcdatamodeld in Sources */ = {isa = PBXBuildFile; fileRef = 3B988B491949C24700FAC84D /* FlightDIsplay.xcdatamodeld */; };
		3B988B4D1949C24700FAC84D /* ViewController.swift in Sources */ = {isa = PBXBuildFile; fileRef = 3B988B4C1949C24700FAC84D /* ViewController.swift */; };
		3B988B501949C24700FAC84D /* Main.storyboard in Resources */ = {isa = PBXBuildFile; fileRef = 3B988B4E1949C24700FAC84D /* Main.storyboard */; };
		3B988B521949C24700FAC84D /* Images.xcassets in Resources */ = {isa = PBXBuildFile; fileRef = 3B988B511949C24700FAC84D /* Images.xcassets */; };
		3B988B5E1949C24700FAC84D /* FlightDIsplayTests.swift in Sources */ = {isa = PBXBuildFile; fileRef = 3B988B5D1949C24700FAC84D /* FlightDIsplayTests.swift */; };
/* End PBXBuildFile section */

/* Begin PBXContainerItemProxy section */
		3B988B581949C24700FAC84D /* PBXContainerItemProxy */ = {
			isa = PBXContainerItemProxy;
			containerPortal = 3B988B3A1949C24700FAC84D /* Project object */;
			proxyType = 1;
			remoteGlobalIDString = 3B988B411949C24700FAC84D;
			remoteInfo = FlightDIsplay;
		};
/* End PBXContainerItemProxy section */

/* Begin PBXFileReference section */
		3B988B421949C24700FAC84D /* FlightDIsplay.app */ = {isa = PBXFileReference; explicitFileType = wrapper.application; includeInIndex = 0; path = FlightDIsplay.app; sourceTree = BUILT_PRODUCTS_DIR; };
		3B988B461949C24700FAC84D /* Info.plist */ = {isa = PBXFileReference; lastKnownFileType = text.plist.xml; path = Info.plist; sourceTree = "<group>"; };
		3B988B471949C24700FAC84D /* AppDelegate.swift */ = {isa = PBXFileReference; lastKnownFileType = sourcecode.swift; path = AppDelegate.swift; sourceTree = "<group>"; };
		3B988B4A1949C24700FAC84D /* FlightDIsplay.xcdatamodel */ = {isa = PBXFileReference; lastKnownFileType = wrapper.xcdatamodel; path = FlightDIsplay.xcdatamodel; sourceTree = "<group>"; };
		3B988B4C1949C24700FAC84D /* ViewController.swift */ = {isa = PBXFileReference; lastKnownFileType = sourcecode.swift; path = ViewController.swift; sourceTree = "<group>"; };
		3B988B4F1949C24700FAC84D /* Base */ = {isa = PBXFileReference; lastKnownFileType = file.storyboard; name = Base; path = Base.lproj/Main.storyboard; sourceTree = "<group>"; };
		3B988B511949C24700FAC84D /* Images.xcassets */ = {isa = PBXFileReference; lastKnownFileType = folder.assetcatalog; path = Images.xcassets; sourceTree = "<group>"; };
		3B988B571949C24700FAC84D /* FlightDIsplayTests.xctest */ = {isa = PBXFileReference; explicitFileType = wrapper.cfbundle; includeInIndex = 0; path = FlightDIsplayTests.xctest; sourceTree = BUILT_PRODUCTS_DIR; };
		3B988B5C1949C24700FAC84D /* Info.plist */ = {isa = PBXFileReference; lastKnownFileType = text.plist.xml; path = Info.plist; sourceTree = "<group>"; };
		3B988B5D1949C24700FAC84D /* FlightDIsplayTests.swift */ = {isa = PBXFileReference; lastKnownFileType = sourcecode.swift; path = FlightDIsplayTests.swift; sourceTree = "<group>"; };
/* End PBXFileReference section */

/* Begin PBXFrameworksBuildPhase section */
		3B988B3F1949C24700FAC84D /* Frameworks */ = {
			isa = PBXFrameworksBuildPhase;
			buildActionMask = 2147483647;
			files = (
			);
			runOnlyForDeploymentPostprocessing = 0;
		};
		3B988B541949C24700FAC84D /* Frameworks */ = {
			isa = PBXFrameworksBuildPhase;
			buildActionMask = 2147483647;
			files = (
			);
			runOnlyForDeploymentPostprocessing = 0;
		};
/* End PBXFrameworksBuildPhase section */

/* Begin PBXGroup section */
		3B988B391949C24700FAC84D = {
			isa = PBXGroup;
			children = (
				3B988B441949C24700FAC84D /* FlightDIsplay */,
				3B988B5A1949C24700FAC84D /* FlightDIsplayTests */,
				3B988B431949C24700FAC84D /* Products */,
			);
			sourceTree = "<group>";
		};
		3B988B431949C24700FAC84D /* Products */ = {
			isa = PBXGroup;
			children = (
				3B988B421949C24700FAC84D /* FlightDIsplay.app */,
				3B988B571949C24700FAC84D /* FlightDIsplayTests.xctest */,
			);
			name = Products;
			sourceTree = "<group>";
		};
		3B988B441949C24700FAC84D /* FlightDIsplay */ = {
			isa = PBXGroup;
			children = (
				3B988B471949C24700FAC84D /* AppDelegate.swift */,
				3B988B4C1949C24700FAC84D /* ViewController.swift */,
				3B988B4E1949C24700FAC84D /* Main.storyboard */,
				3B988B511949C24700FAC84D /* Images.xcassets */,
				3B988B491949C24700FAC84D /* FlightDIsplay.xcdatamodeld */,
				3B988B451949C24700FAC84D /* Supporting Files */,
			);
			path = FlightDIsplay;
			sourceTree = "<group>";
		};
		3B988B451949C24700FAC84D /* Supporting Files */ = {
			isa = PBXGroup;
			children = (
				3B988B461949C24700FAC84D /* Info.plist */,
			);
			name = "Supporting Files";
			sourceTree = "<group>";
		};
		3B988B5A1949C24700FAC84D /* FlightDIsplayTests */ = {
			isa = PBXGroup;
			children = (
				3B988B5D1949C24700FAC84D /* FlightDIsplayTests.swift */,
				3B988B5B1949C24700FAC84D /* Supporting Files */,
			);
			path = FlightDIsplayTests;
			sourceTree = "<group>";
		};
		3B988B5B1949C24700FAC84D /* Supporting Files */ = {
			isa = PBXGroup;
			children = (
				3B988B5C1949C24700FAC84D /* Info.plist */,
			);
			name = "Supporting Files";
			sourceTree = "<group>";
		};
/* End PBXGroup section */

/* Begin PBXNativeTarget section */
		3B988B411949C24700FAC84D /* FlightDIsplay */ = {
			isa = PBXNativeTarget;
			buildConfigurationList = 3B988B611949C24700FAC84D /* Build configuration list for PBXNativeTarget "FlightDIsplay" */;
			buildPhases = (
				3B988B3E1949C24700FAC84D /* Sources */,
				3B988B3F1949C24700FAC84D /* Frameworks */,
				3B988B401949C24700FAC84D /* Resources */,
			);
			buildRules = (
			);
			dependencies = (
			);
			name = FlightDIsplay;
			productName = FlightDIsplay;
			productReference = 3B988B421949C24700FAC84D /* FlightDIsplay.app */;
			productType = "com.apple.product-type.application";
		};
		3B988B561949C24700FAC84D /* FlightDIsplayTests */ = {
			isa = PBXNativeTarget;
			buildConfigurationList = 3B988B641949C24700FAC84D /* Build configuration list for PBXNativeTarget "FlightDIsplayTests" */;
			buildPhases = (
				3B988B531949C24700FAC84D /* Sources */,
				3B988B541949C24700FAC84D /* Frameworks */,
				3B988B551949C24700FAC84D /* Resources */,
			);
			buildRules = (
			);
			dependencies = (
				3B988B591949C24700FAC84D /* PBXTargetDependency */,
			);
			name = FlightDIsplayTests;
			productName = FlightDIsplayTests;
			productReference = 3B988B571949C24700FAC84D /* FlightDIsplayTests.xctest */;
			productType = "com.apple.product-type.bundle.unit-test";
		};
/* End PBXNativeTarget section */

/* Begin PBXProject section */
		3B988B3A1949C24700FAC84D /* Project object */ = {
			isa = PBXProject;
			attributes = {
				LastUpgradeCheck = 0600;
				ORGANIZATIONNAME = sidslog;
				TargetAttributes = {
					3B988B411949C24700FAC84D = {
						CreatedOnToolsVersion = 6.0;
					};
					3B988B561949C24700FAC84D = {
						CreatedOnToolsVersion = 6.0;
						TestTargetID = 3B988B411949C24700FAC84D;
					};
				};
			};
			buildConfigurationList = 3B988B3D1949C24700FAC84D /* Build configuration list for PBXProject "FlightDIsplay" */;
			compatibilityVersion = "Xcode 3.2";
			developmentRegion = English;
			hasScannedForEncodings = 0;
			knownRegions = (
				en,
				Base,
			);
			mainGroup = 3B988B391949C24700FAC84D;
			productRefGroup = 3B988B431949C24700FAC84D /* Products */;
			projectDirPath = "";
			projectRoot = "";
			targets = (
				3B988B411949C24700FAC84D /* FlightDIsplay */,
				3B988B561949C24700FAC84D /* FlightDIsplayTests */,
			);
		};
/* End PBXProject section */

/* Begin PBXResourcesBuildPhase section */
		3B988B401949C24700FAC84D /* Resources */ = {
			isa = PBXResourcesBuildPhase;
			buildActionMask = 2147483647;
			files = (
				3B988B501949C24700FAC84D /* Main.storyboard in Resources */,
				3B988B521949C24700FAC84D /* Images.xcassets in Resources */,
			);
			runOnlyForDeploymentPostprocessing = 0;
		};
		3B988B551949C24700FAC84D /* Resources */ = {
			isa = PBXResourcesBuildPhase;
			buildActionMask = 2147483647;
			files = (
			);
			runOnlyForDeploymentPostprocessing = 0;
		};
/* End PBXResourcesBuildPhase section */

/* Begin PBXSourcesBuildPhase section */
		3B988B3E1949C24700FAC84D /* Sources */ = {
			isa = PBXSourcesBuildPhase;
			buildActionMask = 2147483647;
			files = (
				3B988B4D1949C24700FAC84D /* ViewController.swift in Sources */,
				3B988B4B1949C24700FAC84D /* FlightDIsplay.xcdatamodeld in Sources */,
				3B988B481949C24700FAC84D /* AppDelegate.swift in Sources */,
			);
			runOnlyForDeploymentPostprocessing = 0;
		};
		3B988B531949C24700FAC84D /* Sources */ = {
			isa = PBXSourcesBuildPhase;
			buildActionMask = 2147483647;
			files = (
				3B988B5E1949C24700FAC84D /* FlightDIsplayTests.swift in Sources */,
			);
			runOnlyForDeploymentPostprocessing = 0;
		};
/* End PBXSourcesBuildPhase section */

/* Begin PBXTargetDependency section */
		3B988B591949C24700FAC84D /* PBXTargetDependency */ = {
			isa = PBXTargetDependency;
			target = 3B988B411949C24700FAC84D /* FlightDIsplay */;
			targetProxy = 3B988B581949C24700FAC84D /* PBXContainerItemProxy */;
		};
/* End PBXTargetDependency section */

/* Begin PBXVariantGroup section */
		3B988B4E1949C24700FAC84D /* Main.storyboard */ = {
			isa = PBXVariantGroup;
			children = (
				3B988B4F1949C24700FAC84D /* Base */,
			);
			name = Main.storyboard;
			sourceTree = "<group>";
		};
/* End PBXVariantGroup section */

/* Begin XCBuildConfiguration section */
		3B988B5F1949C24700FAC84D /* Debug */ = {
			isa = XCBuildConfiguration;
			buildSettings = {
				ALWAYS_SEARCH_USER_PATHS = NO;
				CLANG_CXX_LANGUAGE_STANDARD = "gnu++0x";
				CLANG_CXX_LIBRARY = "libc++";
				CLANG_ENABLE_MODULES = YES;
				CLANG_ENABLE_OBJC_ARC = YES;
				CLANG_WARN_BOOL_CONVERSION = YES;
				CLANG_WARN_CONSTANT_CONVERSION = YES;
				CLANG_WARN_DIRECT_OBJC_ISA_USAGE = YES_ERROR;
				CLANG_WARN_EMPTY_BODY = YES;
				CLANG_WARN_ENUM_CONVERSION = YES;
				CLANG_WARN_INT_CONVERSION = YES;
				CLANG_WARN_OBJC_ROOT_CLASS = YES_ERROR;
				CLANG_WARN_UNREACHABLE_CODE = YES;
				CLANG_WARN__DUPLICATE_METHOD_MATCH = YES;
				"CODE_SIGN_IDENTITY[sdk=iphoneos*]" = "iPhone Developer";
				COPY_PHASE_STRIP = NO;
				ENABLE_STRICT_OBJC_MSGSEND = YES;
				GCC_C_LANGUAGE_STANDARD = gnu99;
				GCC_DYNAMIC_NO_PIC = NO;
				GCC_OPTIMIZATION_LEVEL = 0;
				GCC_PREPROCESSOR_DEFINITIONS = (
					"DEBUG=1",
					"$(inherited)",
				);
				GCC_SYMBOLS_PRIVATE_EXTERN = NO;
				GCC_WARN_64_TO_32_BIT_CONVERSION = YES;
				GCC_WARN_ABOUT_RETURN_TYPE = YES_ERROR;
				GCC_WARN_UNDECLARED_SELECTOR = YES;
				GCC_WARN_UNINITIALIZED_AUTOS = YES_AGGRESSIVE;
				GCC_WARN_UNUSED_FUNCTION = YES;
				GCC_WARN_UNUSED_VARIABLE = YES;
				IPHONEOS_DEPLOYMENT_TARGET = 8.0;
				METAL_ENABLE_DEBUG_INFO = YES;
				ONLY_ACTIVE_ARCH = YES;
				SDKROOT = iphoneos;
				SWIFT_OPTIMIZATION_LEVEL = "-Onone";
				TARGETED_DEVICE_FAMILY = "1,2";
			};
			name = Debug;
		};
		3B988B601949C24700FAC84D /* Release */ = {
			isa = XCBuildConfiguration;
			buildSettings = {
				ALWAYS_SEARCH_USER_PATHS = NO;
				CLANG_CXX_LANGUAGE_STANDARD = "gnu++0x";
				CLANG_CXX_LIBRARY = "libc++";
				CLANG_ENABLE_MODULES = YES;
				CLANG_ENABLE_OBJC_ARC = YES;
				CLANG_WARN_BOOL_CONVERSION = YES;
				CLANG_WARN_CONSTANT_CONVERSION = YES;
				CLANG_WARN_DIRECT_OBJC_ISA_USAGE = YES_ERROR;
				CLANG_WARN_EMPTY_BODY = YES;
				CLANG_WARN_ENUM_CONVERSION = YES;
				CLANG_WARN_INT_CONVERSION = YES;
				CLANG_WARN_OBJC_ROOT_CLASS = YES_ERROR;
				CLANG_WARN_UNREACHABLE_CODE = YES;
				CLANG_WARN__DUPLICATE_METHOD_MATCH = YES;
				"CODE_SIGN_IDENTITY[sdk=iphoneos*]" = "iPhone Developer";
				COPY_PHASE_STRIP = YES;
				ENABLE_NS_ASSERTIONS = NO;
				ENABLE_STRICT_OBJC_MSGSEND = YES;
				GCC_C_LANGUAGE_STANDARD = gnu99;
				GCC_WARN_64_TO_32_BIT_CONVERSION = YES;
				GCC_WARN_ABOUT_RETURN_TYPE = YES_ERROR;
				GCC_WARN_UNDECLARED_SELECTOR = YES;
				GCC_WARN_UNINITIALIZED_AUTOS = YES_AGGRESSIVE;
				GCC_WARN_UNUSED_FUNCTION = YES;
				GCC_WARN_UNUSED_VARIABLE = YES;
				IPHONEOS_DEPLOYMENT_TARGET = 8.0;
				METAL_ENABLE_DEBUG_INFO = NO;
				SDKROOT = iphoneos;
				TARGETED_DEVICE_FAMILY = "1,2";
				VALIDATE_PRODUCT = YES;
			};
			name = Release;
		};
		3B988B621949C24700FAC84D /* Debug */ = {
			isa = XCBuildConfiguration;
			buildSettings = {
				ASSETCATALOG_COMPILER_APPICON_NAME = AppIcon;
				ASSETCATALOG_COMPILER_LAUNCHIMAGE_NAME = LaunchImage;
				INFOPLIST_FILE = FlightDIsplay/Info.plist;
				LD_RUNPATH_SEARCH_PATHS = "$(inherited) @executable_path/Frameworks";
				PRODUCT_NAME = "$(TARGET_NAME)";
			};
			name = Debug;
		};
		3B988B631949C24700FAC84D /* Release */ = {
			isa = XCBuildConfiguration;
			buildSettings = {
				ASSETCATALOG_COMPILER_APPICON_NAME = AppIcon;
				ASSETCATALOG_COMPILER_LAUNCHIMAGE_NAME = LaunchImage;
				INFOPLIST_FILE = FlightDIsplay/Info.plist;
				LD_RUNPATH_SEARCH_PATHS = "$(inherited) @executable_path/Frameworks";
				PRODUCT_NAME = "$(TARGET_NAME)";
			};
			name = Release;
		};
		3B988B651949C24700FAC84D /* Debug */ = {
			isa = XCBuildConfiguration;
			buildSettings = {
				BUNDLE_LOADER = "$(BUILT_PRODUCTS_DIR)/FlightDIsplay.app/FlightDIsplay";
				FRAMEWORK_SEARCH_PATHS = (
					"$(SDKROOT)/Developer/Library/Frameworks",
					"$(inherited)",
				);
				GCC_PREPROCESSOR_DEFINITIONS = (
					"DEBUG=1",
					"$(inherited)",
				);
				INFOPLIST_FILE = FlightDIsplayTests/Info.plist;
				LD_RUNPATH_SEARCH_PATHS = "$(inherited) @executable_path/Frameworks @loader_path/Frameworks";
				METAL_ENABLE_DEBUG_INFO = YES;
				PRODUCT_NAME = "$(TARGET_NAME)";
				TEST_HOST = "$(BUNDLE_LOADER)";
			};
			name = Debug;
		};
		3B988B661949C24700FAC84D /* Release */ = {
			isa = XCBuildConfiguration;
			buildSettings = {
				BUNDLE_LOADER = "$(BUILT_PRODUCTS_DIR)/FlightDIsplay.app/FlightDIsplay";
				FRAMEWORK_SEARCH_PATHS = (
					"$(SDKROOT)/Developer/Library/Frameworks",
					"$(inherited)",
				);
				INFOPLIST_FILE = FlightDIsplayTests/Info.plist;
				LD_RUNPATH_SEARCH_PATHS = "$(inherited) @executable_path/Frameworks @loader_path/Frameworks";
				METAL_ENABLE_DEBUG_INFO = NO;
				PRODUCT_NAME = "$(TARGET_NAME)";
				TEST_HOST = "$(BUNDLE_LOADER)";
			};
			name = Release;
		};
/* End XCBuildConfiguration section */

/* Begin XCConfigurationList section */
		3B988B3D1949C24700FAC84D /* Build configuration list for PBXProject "FlightDIsplay" */ = {
			isa = XCConfigurationList;
			buildConfigurations = (
				3B988B5F1949C24700FAC84D /* Debug */,
				3B988B601949C24700FAC84D /* Release */,
			);
			defaultConfigurationIsVisible = 0;
			defaultConfigurationName = Release;
		};
		3B988B611949C24700FAC84D /* Build configuration list for PBXNativeTarget "FlightDIsplay" */ = {
			isa = XCConfigurationList;
			buildConfigurations = (
				3B988B621949C24700FAC84D /* Debug */,
				3B988B631949C24700FAC84D /* Release */,
			);
			defaultConfigurationIsVisible = 0;
		};
		3B988B641949C24700FAC84D /* Build configuration list for PBXNativeTarget "FlightDIsplayTests" */ = {
			isa = XCConfigurationList;
			buildConfigurations = (
				3B988B651949C24700FAC84D /* Debug */,
				3B988B661949C24700FAC84D /* Release */,
			);
			defaultConfigurationIsVisible = 0;
		};
/* End XCConfigurationList section */

/* Begin XCVersionGroup section */
		3B988B491949C24700FAC84D /* FlightDIsplay.xcdatamodeld */ = {
			isa = XCVersionGroup;
			children = (
				3B988B4A1949C24700FAC84D /* FlightDIsplay.xcdatamodel */,
			);
			currentVersion = 3B988B4A1949C24700FAC84D /* FlightDIsplay.xcdatamodel */;
			path = FlightDIsplay.xcdatamodeld;
			sourceTree = "<group>";
			versionGroupType = wrapper.xcdatamodel;
		};
/* End XCVersionGroup section */
	};
	rootObject = 3B988B3A1949C24700FAC84D /* Project object */;
}
